
Microsoft Visual Studio Solution File, Format Version 12.00
# Visual Studio Version 16
VisualStudioVersion = 16.0.30907.101
MinimumVisualStudioVersion = 10.0.40219.1
Project("{FAE04EC0-301F-11D3-BF4B-00C04F79EFBC}") = "AlisVeris", "AlisVeris.csproj", "{D7C0EFC4-75F8-4A39-9407-C7370CF9323E}"
EndProject
Global
	GlobalSection(SolutionConfigurationPlatforms) = preSolution
		Debug|Any CPU = Debug|Any CPU
		Release|Any CPU = Release|Any CPU
	EndGlobalSection
	GlobalSection(ProjectConfigurationPlatforms) = postSolution
		{D7C0EFC4-75F8-4A39-9407-C7370CF9323E}.Debug|Any CPU.ActiveCfg = Debug|Any CPU
		{D7C0EFC4-75F8-4A39-9407-C7370CF9323E}.Debug|Any CPU.Build.0 = Debug|Any CPU
		{D7C0EFC4-75F8-4A39-9407-C7370CF9323E}.Release|Any CPU.ActiveCfg = Release|Any CPU
		{D7C0EFC4-75F8-4A39-9407-C7370CF9323E}.Release|Any CPU.Build.0 = Release|Any CPU
	EndGlobalSection
	GlobalSection(SolutionProperties) = preSolution
		HideSolutionNode = FALSE
	EndGlobalSection
	GlobalSection(ExtensibilityGlobals) = postSolution
		SolutionGuid = {60C0D9B3-935D-4D88-BF7F-6C6770AF18AF}
	EndGlobalSection
EndGlobal
